
Microsoft Visual Studio Solution File, Format Version 12.00
# Visual Studio 14
VisualStudioVersion = 14.0.23107.0
MinimumVisualStudioVersion = 10.0.40219.1
Project("{FAE04EC0-301F-11D3-BF4B-00C04F79EFBC}") = "Rejuvenate", "Rejuvenate\Rejuvenate\Rejuvenate.csproj", "{9E510F26-5107-4036-ABD2-B473151A5B1E}"
EndProject
Project("{FAE04EC0-301F-11D3-BF4B-00C04F79EFBC}") = "Rejuvenate.iOS", "Rejuvenate\Rejuvenate.iOS\Rejuvenate.iOS.csproj", "{4CB3D102-1B6A-4CD6-ADAE-2789D0695201}"
EndProject
Project("{FAE04EC0-301F-11D3-BF4B-00C04F79EFBC}") = "Rejuvenate.Droid", "Rejuvenate\Rejuvenate.Droid\Rejuvenate.Droid.csproj", "{7300E886-4C48-4951-8379-FF7ED363E4B8}"
EndProject
Project("{FAE04EC0-301F-11D3-BF4B-00C04F79EFBC}") = "Rejuvenate.WinPhone", "Rejuvenate\Rejuvenate.WinPhone\Rejuvenate.WinPhone.csproj", "{DD46AA6B-58DB-4F21-8500-19EC20A894F8}"
EndProject
Project("{FAE04EC0-301F-11D3-BF4B-00C04F79EFBC}") = "Rejuvenate.Win", "Rejuvenate\Rejuvenate.Win\Rejuvenate.Win.csproj", "{870B0FED-8D32-4ADA-B627-A4C25B3BE037}"
EndProject
Global
	GlobalSection(SolutionConfigurationPlatforms) = preSolution
		Ad-Hoc|Any CPU = Ad-Hoc|Any CPU
		Ad-Hoc|ARM = Ad-Hoc|ARM
		Ad-Hoc|iPhone = Ad-Hoc|iPhone
		Ad-Hoc|iPhoneSimulator = Ad-Hoc|iPhoneSimulator
		Ad-Hoc|x64 = Ad-Hoc|x64
		Ad-Hoc|x86 = Ad-Hoc|x86
		AppStore|Any CPU = AppStore|Any CPU
		AppStore|ARM = AppStore|ARM
		AppStore|iPhone = AppStore|iPhone
		AppStore|iPhoneSimulator = AppStore|iPhoneSimulator
		AppStore|x64 = AppStore|x64
		AppStore|x86 = AppStore|x86
		Debug|Any CPU = Debug|Any CPU
		Debug|ARM = Debug|ARM
		Debug|iPhone = Debug|iPhone
		Debug|iPhoneSimulator = Debug|iPhoneSimulator
		Debug|x64 = Debug|x64
		Debug|x86 = Debug|x86
		Release|Any CPU = Release|Any CPU
		Release|ARM = Release|ARM
		Release|iPhone = Release|iPhone
		Release|iPhoneSimulator = Release|iPhoneSimulator
		Release|x64 = Release|x64
		Release|x86 = Release|x86
	EndGlobalSection
	GlobalSection(ProjectConfigurationPlatforms) = postSolution
		{9E510F26-5107-4036-ABD2-B473151A5B1E}.Ad-Hoc|Any CPU.ActiveCfg = Release|Any CPU
		{9E510F26-5107-4036-ABD2-B473151A5B1E}.Ad-Hoc|Any CPU.Build.0 = Release|Any CPU
		{9E510F26-5107-4036-ABD2-B473151A5B1E}.Ad-Hoc|ARM.ActiveCfg = Release|Any CPU
		{9E510F26-5107-4036-ABD2-B473151A5B1E}.Ad-Hoc|ARM.Build.0 = Release|Any CPU
		{9E510F26-5107-4036-ABD2-B473151A5B1E}.Ad-Hoc|iPhone.ActiveCfg = Release|Any CPU
		{9E510F26-5107-4036-ABD2-B473151A5B1E}.Ad-Hoc|iPhone.Build.0 = Release|Any CPU
		{9E510F26-5107-4036-ABD2-B473151A5B1E}.Ad-Hoc|iPhoneSimulator.ActiveCfg = Release|Any CPU
		{9E510F26-5107-4036-ABD2-B473151A5B1E}.Ad-Hoc|iPhoneSimulator.Build.0 = Release|Any CPU
		{9E510F26-5107-4036-ABD2-B473151A5B1E}.Ad-Hoc|x64.ActiveCfg = Debug|Any CPU
		{9E510F26-5107-4036-ABD2-B473151A5B1E}.Ad-Hoc|x64.Build.0 = Debug|Any CPU
		{9E510F26-5107-4036-ABD2-B473151A5B1E}.Ad-Hoc|x86.ActiveCfg = Release|Any CPU
		{9E510F26-5107-4036-ABD2-B473151A5B1E}.Ad-Hoc|x86.Build.0 = Release|Any CPU
		{9E510F26-5107-4036-ABD2-B473151A5B1E}.AppStore|Any CPU.ActiveCfg = Release|Any CPU
		{9E510F26-5107-4036-ABD2-B473151A5B1E}.AppStore|Any CPU.Build.0 = Release|Any CPU
		{9E510F26-5107-4036-ABD2-B473151A5B1E}.AppStore|ARM.ActiveCfg = Release|Any CPU
		{9E510F26-5107-4036-ABD2-B473151A5B1E}.AppStore|ARM.Build.0 = Release|Any CPU
		{9E510F26-5107-4036-ABD2-B473151A5B1E}.AppStore|iPhone.ActiveCfg = Release|Any CPU
		{9E510F26-5107-4036-ABD2-B473151A5B1E}.AppStore|iPhone.Build.0 = Release|Any CPU
		{9E510F26-5107-4036-ABD2-B473151A5B1E}.AppStore|iPhoneSimulator.ActiveCfg = Release|Any CPU
		{9E510F26-5107-4036-ABD2-B473151A5B1E}.AppStore|iPhoneSimulator.Build.0 = Release|Any CPU
		{9E510F26-5107-4036-ABD2-B473151A5B1E}.AppStore|x64.ActiveCfg = Debug|Any CPU
		{9E510F26-5107-4036-ABD2-B473151A5B1E}.AppStore|x64.Build.0 = Debug|Any CPU
		{9E510F26-5107-4036-ABD2-B473151A5B1E}.AppStore|x86.ActiveCfg = Release|Any CPU
		{9E510F26-5107-4036-ABD2-B473151A5B1E}.AppStore|x86.Build.0 = Release|Any CPU
		{9E510F26-5107-4036-ABD2-B473151A5B1E}.Debug|Any CPU.ActiveCfg = Debug|Any CPU
		{9E510F26-5107-4036-ABD2-B473151A5B1E}.Debug|Any CPU.Build.0 = Debug|Any CPU
		{9E510F26-5107-4036-ABD2-B473151A5B1E}.Debug|ARM.ActiveCfg = Debug|Any CPU
		{9E510F26-5107-4036-ABD2-B473151A5B1E}.Debug|ARM.Build.0 = Debug|Any CPU
		{9E510F26-5107-4036-ABD2-B473151A5B1E}.Debug|iPhone.ActiveCfg = Debug|Any CPU
		{9E510F26-5107-4036-ABD2-B473151A5B1E}.Debug|iPhone.Build.0 = Debug|Any CPU
		{9E510F26-5107-4036-ABD2-B473151A5B1E}.Debug|iPhoneSimulator.ActiveCfg = Debug|Any CPU
		{9E510F26-5107-4036-ABD2-B473151A5B1E}.Debug|iPhoneSimulator.Build.0 = Debug|Any CPU
		{9E510F26-5107-4036-ABD2-B473151A5B1E}.Debug|x64.ActiveCfg = Debug|Any CPU
		{9E510F26-5107-4036-ABD2-B473151A5B1E}.Debug|x64.Build.0 = Debug|Any CPU
		{9E510F26-5107-4036-ABD2-B473151A5B1E}.Debug|x86.ActiveCfg = Debug|Any CPU
		{9E510F26-5107-4036-ABD2-B473151A5B1E}.Debug|x86.Build.0 = Debug|Any CPU
		{9E510F26-5107-4036-ABD2-B473151A5B1E}.Release|Any CPU.ActiveCfg = Release|Any CPU
		{9E510F26-5107-4036-ABD2-B473151A5B1E}.Release|Any CPU.Build.0 = Release|Any CPU
		{9E510F26-5107-4036-ABD2-B473151A5B1E}.Release|ARM.ActiveCfg = Release|Any CPU
		{9E510F26-5107-4036-ABD2-B473151A5B1E}.Release|ARM.Build.0 = Release|Any CPU
		{9E510F26-5107-4036-ABD2-B473151A5B1E}.Release|iPhone.ActiveCfg = Release|Any CPU
		{9E510F26-5107-4036-ABD2-B473151A5B1E}.Release|iPhone.Build.0 = Release|Any CPU
		{9E510F26-5107-4036-ABD2-B473151A5B1E}.Release|iPhoneSimulator.ActiveCfg = Release|Any CPU
		{9E510F26-5107-4036-ABD2-B473151A5B1E}.Release|iPhoneSimulator.Build.0 = Release|Any CPU
		{9E510F26-5107-4036-ABD2-B473151A5B1E}.Release|x64.ActiveCfg = Release|Any CPU
		{9E510F26-5107-4036-ABD2-B473151A5B1E}.Release|x64.Build.0 = Release|Any CPU
		{9E510F26-5107-4036-ABD2-B473151A5B1E}.Release|x86.ActiveCfg = Release|Any CPU
		{9E510F26-5107-4036-ABD2-B473151A5B1E}.Release|x86.Build.0 = Release|Any CPU
		{4CB3D102-1B6A-4CD6-ADAE-2789D0695201}.Ad-Hoc|Any CPU.ActiveCfg = Ad-Hoc|iPhone
		{4CB3D102-1B6A-4CD6-ADAE-2789D0695201}.Ad-Hoc|ARM.ActiveCfg = Ad-Hoc|iPhone
		{4CB3D102-1B6A-4CD6-ADAE-2789D0695201}.Ad-Hoc|iPhone.ActiveCfg = Ad-Hoc|iPhone
		{4CB3D102-1B6A-4CD6-ADAE-2789D0695201}.Ad-Hoc|iPhone.Build.0 = Ad-Hoc|iPhone
		{4CB3D102-1B6A-4CD6-ADAE-2789D0695201}.Ad-Hoc|iPhoneSimulator.ActiveCfg = Ad-Hoc|iPhoneSimulator
		{4CB3D102-1B6A-4CD6-ADAE-2789D0695201}.Ad-Hoc|iPhoneSimulator.Build.0 = Ad-Hoc|iPhoneSimulator
		{4CB3D102-1B6A-4CD6-ADAE-2789D0695201}.Ad-Hoc|x64.ActiveCfg = Ad-Hoc|iPhoneSimulator
		{4CB3D102-1B6A-4CD6-ADAE-2789D0695201}.Ad-Hoc|x86.ActiveCfg = Ad-Hoc|iPhone
		{4CB3D102-1B6A-4CD6-ADAE-2789D0695201}.AppStore|Any CPU.ActiveCfg = AppStore|iPhone
		{4CB3D102-1B6A-4CD6-ADAE-2789D0695201}.AppStore|ARM.ActiveCfg = AppStore|iPhone
		{4CB3D102-1B6A-4CD6-ADAE-2789D0695201}.AppStore|iPhone.ActiveCfg = AppStore|iPhone
		{4CB3D102-1B6A-4CD6-ADAE-2789D0695201}.AppStore|iPhone.Build.0 = AppStore|iPhone
		{4CB3D102-1B6A-4CD6-ADAE-2789D0695201}.AppStore|iPhoneSimulator.ActiveCfg = AppStore|iPhoneSimulator
		{4CB3D102-1B6A-4CD6-ADAE-2789D0695201}.AppStore|iPhoneSimulator.Build.0 = AppStore|iPhoneSimulator
		{4CB3D102-1B6A-4CD6-ADAE-2789D0695201}.AppStore|x64.ActiveCfg = AppStore|iPhoneSimulator
		{4CB3D102-1B6A-4CD6-ADAE-2789D0695201}.AppStore|x86.ActiveCfg = AppStore|iPhone
		{4CB3D102-1B6A-4CD6-ADAE-2789D0695201}.Debug|Any CPU.ActiveCfg = Debug|iPhone
		{4CB3D102-1B6A-4CD6-ADAE-2789D0695201}.Debug|ARM.ActiveCfg = Debug|iPhone
		{4CB3D102-1B6A-4CD6-ADAE-2789D0695201}.Debug|iPhone.ActiveCfg = Debug|iPhone
		{4CB3D102-1B6A-4CD6-ADAE-2789D0695201}.Debug|iPhone.Build.0 = Debug|iPhone
		{4CB3D102-1B6A-4CD6-ADAE-2789D0695201}.Debug|iPhoneSimulator.ActiveCfg = Debug|iPhoneSimulator
		{4CB3D102-1B6A-4CD6-ADAE-2789D0695201}.Debug|iPhoneSimulator.Build.0 = Debug|iPhoneSimulator
		{4CB3D102-1B6A-4CD6-ADAE-2789D0695201}.Debug|x64.ActiveCfg = Debug|iPhoneSimulator
		{4CB3D102-1B6A-4CD6-ADAE-2789D0695201}.Debug|x86.ActiveCfg = Debug|iPhone
		{4CB3D102-1B6A-4CD6-ADAE-2789D0695201}.Release|Any CPU.ActiveCfg = Release|iPhone
		{4CB3D102-1B6A-4CD6-ADAE-2789D0695201}.Release|ARM.ActiveCfg = Release|iPhone
		{4CB3D102-1B6A-4CD6-ADAE-2789D0695201}.Release|iPhone.ActiveCfg = Release|iPhone
		{4CB3D102-1B6A-4CD6-ADAE-2789D0695201}.Release|iPhone.Build.0 = Release|iPhone
		{4CB3D102-1B6A-4CD6-ADAE-2789D0695201}.Release|iPhoneSimulator.ActiveCfg = Release|iPhoneSimulator
		{4CB3D102-1B6A-4CD6-ADAE-2789D0695201}.Release|iPhoneSimulator.Build.0 = Release|iPhoneSimulator
		{4CB3D102-1B6A-4CD6-ADAE-2789D0695201}.Release|x64.ActiveCfg = Release|iPhoneSimulator
		{4CB3D102-1B6A-4CD6-ADAE-2789D0695201}.Release|x86.ActiveCfg = Release|iPhone
		{7300E886-4C48-4951-8379-FF7ED363E4B8}.Ad-Hoc|Any CPU.ActiveCfg = Release|Any CPU
		{7300E886-4C48-4951-8379-FF7ED363E4B8}.Ad-Hoc|Any CPU.Build.0 = Release|Any CPU
		{7300E886-4C48-4951-8379-FF7ED363E4B8}.Ad-Hoc|Any CPU.Deploy.0 = Release|Any CPU
		{7300E886-4C48-4951-8379-FF7ED363E4B8}.Ad-Hoc|ARM.ActiveCfg = Release|Any CPU
		{7300E886-4C48-4951-8379-FF7ED363E4B8}.Ad-Hoc|ARM.Build.0 = Release|Any CPU
		{7300E886-4C48-4951-8379-FF7ED363E4B8}.Ad-Hoc|ARM.Deploy.0 = Release|Any CPU
		{7300E886-4C48-4951-8379-FF7ED363E4B8}.Ad-Hoc|iPhone.ActiveCfg = Release|Any CPU
		{7300E886-4C48-4951-8379-FF7ED363E4B8}.Ad-Hoc|iPhone.Build.0 = Release|Any CPU
		{7300E886-4C48-4951-8379-FF7ED363E4B8}.Ad-Hoc|iPhone.Deploy.0 = Release|Any CPU
		{7300E886-4C48-4951-8379-FF7ED363E4B8}.Ad-Hoc|iPhoneSimulator.ActiveCfg = Release|Any CPU
		{7300E886-4C48-4951-8379-FF7ED363E4B8}.Ad-Hoc|iPhoneSimulator.Build.0 = Release|Any CPU
		{7300E886-4C48-4951-8379-FF7ED363E4B8}.Ad-Hoc|iPhoneSimulator.Deploy.0 = Release|Any CPU
		{7300E886-4C48-4951-8379-FF7ED363E4B8}.Ad-Hoc|x64.ActiveCfg = Debug|Any CPU
		{7300E886-4C48-4951-8379-FF7ED363E4B8}.Ad-Hoc|x64.Build.0 = Debug|Any CPU
		{7300E886-4C48-4951-8379-FF7ED363E4B8}.Ad-Hoc|x64.Deploy.0 = Debug|Any CPU
		{7300E886-4C48-4951-8379-FF7ED363E4B8}.Ad-Hoc|x86.ActiveCfg = Release|Any CPU
		{7300E886-4C48-4951-8379-FF7ED363E4B8}.Ad-Hoc|x86.Build.0 = Release|Any CPU
		{7300E886-4C48-4951-8379-FF7ED363E4B8}.Ad-Hoc|x86.Deploy.0 = Release|Any CPU
		{7300E886-4C48-4951-8379-FF7ED363E4B8}.AppStore|Any CPU.ActiveCfg = Release|Any CPU
		{7300E886-4C48-4951-8379-FF7ED363E4B8}.AppStore|Any CPU.Build.0 = Release|Any CPU
		{7300E886-4C48-4951-8379-FF7ED363E4B8}.AppStore|Any CPU.Deploy.0 = Release|Any CPU
		{7300E886-4C48-4951-8379-FF7ED363E4B8}.AppStore|ARM.ActiveCfg = Release|Any CPU
		{7300E886-4C48-4951-8379-FF7ED363E4B8}.AppStore|ARM.Build.0 = Release|Any CPU
		{7300E886-4C48-4951-8379-FF7ED363E4B8}.AppStore|ARM.Deploy.0 = Release|Any CPU
		{7300E886-4C48-4951-8379-FF7ED363E4B8}.AppStore|iPhone.ActiveCfg = Release|Any CPU
		{7300E886-4C48-4951-8379-FF7ED363E4B8}.AppStore|iPhone.Build.0 = Release|Any CPU
		{7300E886-4C48-4951-8379-FF7ED363E4B8}.AppStore|iPhone.Deploy.0 = Release|Any CPU
		{7300E886-4C48-4951-8379-FF7ED363E4B8}.AppStore|iPhoneSimulator.ActiveCfg = Release|Any CPU
		{7300E886-4C48-4951-8379-FF7ED363E4B8}.AppStore|iPhoneSimulator.Build.0 = Release|Any CPU
		{7300E886-4C48-4951-8379-FF7ED363E4B8}.AppStore|iPhoneSimulator.Deploy.0 = Release|Any CPU
		{7300E886-4C48-4951-8379-FF7ED363E4B8}.AppStore|x64.ActiveCfg = Debug|Any CPU
		{7300E886-4C48-4951-8379-FF7ED363E4B8}.AppStore|x64.Build.0 = Debug|Any CPU
		{7300E886-4C48-4951-8379-FF7ED363E4B8}.AppStore|x64.Deploy.0 = Debug|Any CPU
		{7300E886-4C48-4951-8379-FF7ED363E4B8}.AppStore|x86.ActiveCfg = Release|Any CPU
		{7300E886-4C48-4951-8379-FF7ED363E4B8}.AppStore|x86.Build.0 = Release|Any CPU
		{7300E886-4C48-4951-8379-FF7ED363E4B8}.AppStore|x86.Deploy.0 = Release|Any CPU
		{7300E886-4C48-4951-8379-FF7ED363E4B8}.Debug|Any CPU.ActiveCfg = Debug|Any CPU
		{7300E886-4C48-4951-8379-FF7ED363E4B8}.Debug|Any CPU.Build.0 = Debug|Any CPU
		{7300E886-4C48-4951-8379-FF7ED363E4B8}.Debug|Any CPU.Deploy.0 = Debug|Any CPU
		{7300E886-4C48-4951-8379-FF7ED363E4B8}.Debug|ARM.ActiveCfg = Debug|Any CPU
		{7300E886-4C48-4951-8379-FF7ED363E4B8}.Debug|ARM.Build.0 = Debug|Any CPU
		{7300E886-4C48-4951-8379-FF7ED363E4B8}.Debug|ARM.Deploy.0 = Debug|Any CPU
		{7300E886-4C48-4951-8379-FF7ED363E4B8}.Debug|iPhone.ActiveCfg = Debug|Any CPU
		{7300E886-4C48-4951-8379-FF7ED363E4B8}.Debug|iPhone.Build.0 = Debug|Any CPU
		{7300E886-4C48-4951-8379-FF7ED363E4B8}.Debug|iPhone.Deploy.0 = Debug|Any CPU
		{7300E886-4C48-4951-8379-FF7ED363E4B8}.Debug|iPhoneSimulator.ActiveCfg = Debug|Any CPU
		{7300E886-4C48-4951-8379-FF7ED363E4B8}.Debug|iPhoneSimulator.Build.0 = Debug|Any CPU
		{7300E886-4C48-4951-8379-FF7ED363E4B8}.Debug|iPhoneSimulator.Deploy.0 = Debug|Any CPU
		{7300E886-4C48-4951-8379-FF7ED363E4B8}.Debug|x64.ActiveCfg = Debug|Any CPU
		{7300E886-4C48-4951-8379-FF7ED363E4B8}.Debug|x64.Build.0 = Debug|Any CPU
		{7300E886-4C48-4951-8379-FF7ED363E4B8}.Debug|x64.Deploy.0 = Debug|Any CPU
		{7300E886-4C48-4951-8379-FF7ED363E4B8}.Debug|x86.ActiveCfg = Debug|Any CPU
		{7300E886-4C48-4951-8379-FF7ED363E4B8}.Debug|x86.Build.0 = Debug|Any CPU
		{7300E886-4C48-4951-8379-FF7ED363E4B8}.Debug|x86.Deploy.0 = Debug|Any CPU
		{7300E886-4C48-4951-8379-FF7ED363E4B8}.Release|Any CPU.ActiveCfg = Release|Any CPU
		{7300E886-4C48-4951-8379-FF7ED363E4B8}.Release|Any CPU.Build.0 = Release|Any CPU
		{7300E886-4C48-4951-8379-FF7ED363E4B8}.Release|Any CPU.Deploy.0 = Release|Any CPU
		{7300E886-4C48-4951-8379-FF7ED363E4B8}.Release|ARM.ActiveCfg = Release|Any CPU
		{7300E886-4C48-4951-8379-FF7ED363E4B8}.Release|ARM.Build.0 = Release|Any CPU
		{7300E886-4C48-4951-8379-FF7ED363E4B8}.Release|ARM.Deploy.0 = Release|Any CPU
		{7300E886-4C48-4951-8379-FF7ED363E4B8}.Release|iPhone.ActiveCfg = Release|Any CPU
		{7300E886-4C48-4951-8379-FF7ED363E4B8}.Release|iPhone.Build.0 = Release|Any CPU
		{7300E886-4C48-4951-8379-FF7ED363E4B8}.Release|iPhone.Deploy.0 = Release|Any CPU
		{7300E886-4C48-4951-8379-FF7ED363E4B8}.Release|iPhoneSimulator.ActiveCfg = Release|Any CPU
		{7300E886-4C48-4951-8379-FF7ED363E4B8}.Release|iPhoneSimulator.Build.0 = Release|Any CPU
		{7300E886-4C48-4951-8379-FF7ED363E4B8}.Release|iPhoneSimulator.Deploy.0 = Release|Any CPU
		{7300E886-4C48-4951-8379-FF7ED363E4B8}.Release|x64.ActiveCfg = Release|Any CPU
		{7300E886-4C48-4951-8379-FF7ED363E4B8}.Release|x64.Build.0 = Release|Any CPU
		{7300E886-4C48-4951-8379-FF7ED363E4B8}.Release|x64.Deploy.0 = Release|Any CPU
		{7300E886-4C48-4951-8379-FF7ED363E4B8}.Release|x86.ActiveCfg = Release|Any CPU
		{7300E886-4C48-4951-8379-FF7ED363E4B8}.Release|x86.Build.0 = Release|Any CPU
		{7300E886-4C48-4951-8379-FF7ED363E4B8}.Release|x86.Deploy.0 = Release|Any CPU
		{DD46AA6B-58DB-4F21-8500-19EC20A894F8}.Ad-Hoc|Any CPU.ActiveCfg = Release|Any CPU
		{DD46AA6B-58DB-4F21-8500-19EC20A894F8}.Ad-Hoc|Any CPU.Build.0 = Release|Any CPU
		{DD46AA6B-58DB-4F21-8500-19EC20A894F8}.Ad-Hoc|Any CPU.Deploy.0 = Release|Any CPU
		{DD46AA6B-58DB-4F21-8500-19EC20A894F8}.Ad-Hoc|ARM.ActiveCfg = Release|ARM
		{DD46AA6B-58DB-4F21-8500-19EC20A894F8}.Ad-Hoc|ARM.Build.0 = Release|ARM
		{DD46AA6B-58DB-4F21-8500-19EC20A894F8}.Ad-Hoc|ARM.Deploy.0 = Release|ARM
		{DD46AA6B-58DB-4F21-8500-19EC20A894F8}.Ad-Hoc|iPhone.ActiveCfg = Release|Any CPU
		{DD46AA6B-58DB-4F21-8500-19EC20A894F8}.Ad-Hoc|iPhone.Build.0 = Release|Any CPU
		{DD46AA6B-58DB-4F21-8500-19EC20A894F8}.Ad-Hoc|iPhone.Deploy.0 = Release|Any CPU
		{DD46AA6B-58DB-4F21-8500-19EC20A894F8}.Ad-Hoc|iPhoneSimulator.ActiveCfg = Release|Any CPU
		{DD46AA6B-58DB-4F21-8500-19EC20A894F8}.Ad-Hoc|iPhoneSimulator.Build.0 = Release|Any CPU
		{DD46AA6B-58DB-4F21-8500-19EC20A894F8}.Ad-Hoc|iPhoneSimulator.Deploy.0 = Release|Any CPU
		{DD46AA6B-58DB-4F21-8500-19EC20A894F8}.Ad-Hoc|x64.ActiveCfg = Debug|Any CPU
		{DD46AA6B-58DB-4F21-8500-19EC20A894F8}.Ad-Hoc|x64.Build.0 = Debug|Any CPU
		{DD46AA6B-58DB-4F21-8500-19EC20A894F8}.Ad-Hoc|x64.Deploy.0 = Debug|Any CPU
		{DD46AA6B-58DB-4F21-8500-19EC20A894F8}.Ad-Hoc|x86.ActiveCfg = Release|x86
		{DD46AA6B-58DB-4F21-8500-19EC20A894F8}.Ad-Hoc|x86.Build.0 = Release|x86
		{DD46AA6B-58DB-4F21-8500-19EC20A894F8}.Ad-Hoc|x86.Deploy.0 = Release|x86
		{DD46AA6B-58DB-4F21-8500-19EC20A894F8}.AppStore|Any CPU.ActiveCfg = Release|Any CPU
		{DD46AA6B-58DB-4F21-8500-19EC20A894F8}.AppStore|Any CPU.Build.0 = Release|Any CPU
		{DD46AA6B-58DB-4F21-8500-19EC20A894F8}.AppStore|Any CPU.Deploy.0 = Release|Any CPU
		{DD46AA6B-58DB-4F21-8500-19EC20A894F8}.AppStore|ARM.ActiveCfg = Release|ARM
		{DD46AA6B-58DB-4F21-8500-19EC20A894F8}.AppStore|ARM.Build.0 = Release|ARM
		{DD46AA6B-58DB-4F21-8500-19EC20A894F8}.AppStore|ARM.Deploy.0 = Release|ARM
		{DD46AA6B-58DB-4F21-8500-19EC20A894F8}.AppStore|iPhone.ActiveCfg = Release|Any CPU
		{DD46AA6B-58DB-4F21-8500-19EC20A894F8}.AppStore|iPhone.Build.0 = Release|Any CPU
		{DD46AA6B-58DB-4F21-8500-19EC20A894F8}.AppStore|iPhone.Deploy.0 = Release|Any CPU
		{DD46AA6B-58DB-4F21-8500-19EC20A894F8}.AppStore|iPhoneSimulator.ActiveCfg = Release|Any CPU
		{DD46AA6B-58DB-4F21-8500-19EC20A894F8}.AppStore|iPhoneSimulator.Build.0 = Release|Any CPU
		{DD46AA6B-58DB-4F21-8500-19EC20A894F8}.AppStore|iPhoneSimulator.Deploy.0 = Release|Any CPU
		{DD46AA6B-58DB-4F21-8500-19EC20A894F8}.AppStore|x64.ActiveCfg = Debug|Any CPU
		{DD46AA6B-58DB-4F21-8500-19EC20A894F8}.AppStore|x64.Build.0 = Debug|Any CPU
		{DD46AA6B-58DB-4F21-8500-19EC20A894F8}.AppStore|x64.Deploy.0 = Debug|Any CPU
		{DD46AA6B-58DB-4F21-8500-19EC20A894F8}.AppStore|x86.ActiveCfg = Release|x86
		{DD46AA6B-58DB-4F21-8500-19EC20A894F8}.AppStore|x86.Build.0 = Release|x86
		{DD46AA6B-58DB-4F21-8500-19EC20A894F8}.AppStore|x86.Deploy.0 = Release|x86
		{DD46AA6B-58DB-4F21-8500-19EC20A894F8}.Debug|Any CPU.ActiveCfg = Debug|Any CPU
		{DD46AA6B-58DB-4F21-8500-19EC20A894F8}.Debug|Any CPU.Build.0 = Debug|Any CPU
		{DD46AA6B-58DB-4F21-8500-19EC20A894F8}.Debug|Any CPU.Deploy.0 = Debug|Any CPU
		{DD46AA6B-58DB-4F21-8500-19EC20A894F8}.Debug|ARM.ActiveCfg = Debug|ARM
		{DD46AA6B-58DB-4F21-8500-19EC20A894F8}.Debug|ARM.Build.0 = Debug|ARM
		{DD46AA6B-58DB-4F21-8500-19EC20A894F8}.Debug|ARM.Deploy.0 = Debug|ARM
		{DD46AA6B-58DB-4F21-8500-19EC20A894F8}.Debug|iPhone.ActiveCfg = Debug|Any CPU
		{DD46AA6B-58DB-4F21-8500-19EC20A894F8}.Debug|iPhone.Build.0 = Debug|Any CPU
		{DD46AA6B-58DB-4F21-8500-19EC20A894F8}.Debug|iPhone.Deploy.0 = Debug|Any CPU
		{DD46AA6B-58DB-4F21-8500-19EC20A894F8}.Debug|iPhoneSimulator.ActiveCfg = Debug|Any CPU
		{DD46AA6B-58DB-4F21-8500-19EC20A894F8}.Debug|iPhoneSimulator.Build.0 = Debug|Any CPU
		{DD46AA6B-58DB-4F21-8500-19EC20A894F8}.Debug|iPhoneSimulator.Deploy.0 = Debug|Any CPU
		{DD46AA6B-58DB-4F21-8500-19EC20A894F8}.Debug|x64.ActiveCfg = Debug|Any CPU
		{DD46AA6B-58DB-4F21-8500-19EC20A894F8}.Debug|x64.Build.0 = Debug|Any CPU
		{DD46AA6B-58DB-4F21-8500-19EC20A894F8}.Debug|x64.Deploy.0 = Debug|Any CPU
		{DD46AA6B-58DB-4F21-8500-19EC20A894F8}.Debug|x86.ActiveCfg = Debug|x86
		{DD46AA6B-58DB-4F21-8500-19EC20A894F8}.Debug|x86.Build.0 = Debug|x86
		{DD46AA6B-58DB-4F21-8500-19EC20A894F8}.Debug|x86.Deploy.0 = Debug|x86
		{DD46AA6B-58DB-4F21-8500-19EC20A894F8}.Release|Any CPU.ActiveCfg = Release|Any CPU
		{DD46AA6B-58DB-4F21-8500-19EC20A894F8}.Release|Any CPU.Build.0 = Release|Any CPU
		{DD46AA6B-58DB-4F21-8500-19EC20A894F8}.Release|Any CPU.Deploy.0 = Release|Any CPU
		{DD46AA6B-58DB-4F21-8500-19EC20A894F8}.Release|ARM.ActiveCfg = Release|ARM
		{DD46AA6B-58DB-4F21-8500-19EC20A894F8}.Release|ARM.Build.0 = Release|ARM
		{DD46AA6B-58DB-4F21-8500-19EC20A894F8}.Release|ARM.Deploy.0 = Release|ARM
		{DD46AA6B-58DB-4F21-8500-19EC20A894F8}.Release|iPhone.ActiveCfg = Release|Any CPU
		{DD46AA6B-58DB-4F21-8500-19EC20A894F8}.Release|iPhone.Build.0 = Release|Any CPU
		{DD46AA6B-58DB-4F21-8500-19EC20A894F8}.Release|iPhone.Deploy.0 = Release|Any CPU
		{DD46AA6B-58DB-4F21-8500-19EC20A894F8}.Release|iPhoneSimulator.ActiveCfg = Release|Any CPU
		{DD46AA6B-58DB-4F21-8500-19EC20A894F8}.Release|iPhoneSimulator.Build.0 = Release|Any CPU
		{DD46AA6B-58DB-4F21-8500-19EC20A894F8}.Release|iPhoneSimulator.Deploy.0 = Release|Any CPU
		{DD46AA6B-58DB-4F21-8500-19EC20A894F8}.Release|x64.ActiveCfg = Release|Any CPU
		{DD46AA6B-58DB-4F21-8500-19EC20A894F8}.Release|x64.Build.0 = Release|Any CPU
		{DD46AA6B-58DB-4F21-8500-19EC20A894F8}.Release|x64.Deploy.0 = Release|Any CPU
		{DD46AA6B-58DB-4F21-8500-19EC20A894F8}.Release|x86.ActiveCfg = Release|x86
		{DD46AA6B-58DB-4F21-8500-19EC20A894F8}.Release|x86.Build.0 = Release|x86
		{DD46AA6B-58DB-4F21-8500-19EC20A894F8}.Release|x86.Deploy.0 = Release|x86
		{870B0FED-8D32-4ADA-B627-A4C25B3BE037}.Ad-Hoc|Any CPU.ActiveCfg = Release|x86
		{870B0FED-8D32-4ADA-B627-A4C25B3BE037}.Ad-Hoc|Any CPU.Build.0 = Release|x86
		{870B0FED-8D32-4ADA-B627-A4C25B3BE037}.Ad-Hoc|Any CPU.Deploy.0 = Release|x86
		{870B0FED-8D32-4ADA-B627-A4C25B3BE037}.Ad-Hoc|ARM.ActiveCfg = Release|ARM
		{870B0FED-8D32-4ADA-B627-A4C25B3BE037}.Ad-Hoc|ARM.Build.0 = Release|ARM
		{870B0FED-8D32-4ADA-B627-A4C25B3BE037}.Ad-Hoc|ARM.Deploy.0 = Release|ARM
		{870B0FED-8D32-4ADA-B627-A4C25B3BE037}.Ad-Hoc|iPhone.ActiveCfg = Release|x86
		{870B0FED-8D32-4ADA-B627-A4C25B3BE037}.Ad-Hoc|iPhone.Build.0 = Release|x86
		{870B0FED-8D32-4ADA-B627-A4C25B3BE037}.Ad-Hoc|iPhone.Deploy.0 = Release|x86
		{870B0FED-8D32-4ADA-B627-A4C25B3BE037}.Ad-Hoc|iPhoneSimulator.ActiveCfg = Release|x86
		{870B0FED-8D32-4ADA-B627-A4C25B3BE037}.Ad-Hoc|iPhoneSimulator.Build.0 = Release|x86
		{870B0FED-8D32-4ADA-B627-A4C25B3BE037}.Ad-Hoc|iPhoneSimulator.Deploy.0 = Release|x86
		{870B0FED-8D32-4ADA-B627-A4C25B3BE037}.Ad-Hoc|x64.ActiveCfg = Release|x64
		{870B0FED-8D32-4ADA-B627-A4C25B3BE037}.Ad-Hoc|x64.Build.0 = Release|x64
		{870B0FED-8D32-4ADA-B627-A4C25B3BE037}.Ad-Hoc|x64.Deploy.0 = Release|x64
		{870B0FED-8D32-4ADA-B627-A4C25B3BE037}.Ad-Hoc|x86.ActiveCfg = Release|x86
		{870B0FED-8D32-4ADA-B627-A4C25B3BE037}.Ad-Hoc|x86.Build.0 = Release|x86
		{870B0FED-8D32-4ADA-B627-A4C25B3BE037}.Ad-Hoc|x86.Deploy.0 = Release|x86
		{870B0FED-8D32-4ADA-B627-A4C25B3BE037}.AppStore|Any CPU.ActiveCfg = Release|x86
		{870B0FED-8D32-4ADA-B627-A4C25B3BE037}.AppStore|Any CPU.Build.0 = Release|x86
		{870B0FED-8D32-4ADA-B627-A4C25B3BE037}.AppStore|Any CPU.Deploy.0 = Release|x86
		{870B0FED-8D32-4ADA-B627-A4C25B3BE037}.AppStore|ARM.ActiveCfg = Release|ARM
		{870B0FED-8D32-4ADA-B627-A4C25B3BE037}.AppStore|ARM.Build.0 = Release|ARM
		{870B0FED-8D32-4ADA-B627-A4C25B3BE037}.AppStore|ARM.Deploy.0 = Release|ARM
		{870B0FED-8D32-4ADA-B627-A4C25B3BE037}.AppStore|iPhone.ActiveCfg = Release|x86
		{870B0FED-8D32-4ADA-B627-A4C25B3BE037}.AppStore|iPhone.Build.0 = Release|x86
		{870B0FED-8D32-4ADA-B627-A4C25B3BE037}.AppStore|iPhone.Deploy.0 = Release|x86
		{870B0FED-8D32-4ADA-B627-A4C25B3BE037}.AppStore|iPhoneSimulator.ActiveCfg = Release|x86
		{870B0FED-8D32-4ADA-B627-A4C25B3BE037}.AppStore|iPhoneSimulator.Build.0 = Release|x86
		{870B0FED-8D32-4ADA-B627-A4C25B3BE037}.AppStore|iPhoneSimulator.Deploy.0 = Release|x86
		{870B0FED-8D32-4ADA-B627-A4C25B3BE037}.AppStore|x64.ActiveCfg = Release|x64
		{870B0FED-8D32-4ADA-B627-A4C25B3BE037}.AppStore|x64.Build.0 = Release|x64
		{870B0FED-8D32-4ADA-B627-A4C25B3BE037}.AppStore|x64.Deploy.0 = Release|x64
		{870B0FED-8D32-4ADA-B627-A4C25B3BE037}.AppStore|x86.ActiveCfg = Release|x86
		{870B0FED-8D32-4ADA-B627-A4C25B3BE037}.AppStore|x86.Build.0 = Release|x86
		{870B0FED-8D32-4ADA-B627-A4C25B3BE037}.AppStore|x86.Deploy.0 = Release|x86
		{870B0FED-8D32-4ADA-B627-A4C25B3BE037}.Debug|Any CPU.ActiveCfg = Debug|x86
		{870B0FED-8D32-4ADA-B627-A4C25B3BE037}.Debug|ARM.ActiveCfg = Debug|ARM
		{870B0FED-8D32-4ADA-B627-A4C25B3BE037}.Debug|ARM.Build.0 = Debug|ARM
		{870B0FED-8D32-4ADA-B627-A4C25B3BE037}.Debug|ARM.Deploy.0 = Debug|ARM
		{870B0FED-8D32-4ADA-B627-A4C25B3BE037}.Debug|iPhone.ActiveCfg = Debug|x86
		{870B0FED-8D32-4ADA-B627-A4C25B3BE037}.Debug|iPhoneSimulator.ActiveCfg = Debug|x86
		{870B0FED-8D32-4ADA-B627-A4C25B3BE037}.Debug|x64.ActiveCfg = Debug|x64
		{870B0FED-8D32-4ADA-B627-A4C25B3BE037}.Debug|x64.Build.0 = Debug|x64
		{870B0FED-8D32-4ADA-B627-A4C25B3BE037}.Debug|x64.Deploy.0 = Debug|x64
		{870B0FED-8D32-4ADA-B627-A4C25B3BE037}.Debug|x86.ActiveCfg = Debug|x86
		{870B0FED-8D32-4ADA-B627-A4C25B3BE037}.Debug|x86.Build.0 = Debug|x86
		{870B0FED-8D32-4ADA-B627-A4C25B3BE037}.Debug|x86.Deploy.0 = Debug|x86
		{870B0FED-8D32-4ADA-B627-A4C25B3BE037}.Release|Any CPU.ActiveCfg = Release|x86
		{870B0FED-8D32-4ADA-B627-A4C25B3BE037}.Release|ARM.ActiveCfg = Release|ARM
		{870B0FED-8D32-4ADA-B627-A4C25B3BE037}.Release|ARM.Build.0 = Release|ARM
		{870B0FED-8D32-4ADA-B627-A4C25B3BE037}.Release|ARM.Deploy.0 = Release|ARM
		{870B0FED-8D32-4ADA-B627-A4C25B3BE037}.Release|iPhone.ActiveCfg = Release|x86
		{870B0FED-8D32-4ADA-B627-A4C25B3BE037}.Release|iPhoneSimulator.ActiveCfg = Release|x86
		{870B0FED-8D32-4ADA-B627-A4C25B3BE037}.Release|x64.ActiveCfg = Release|x64
		{870B0FED-8D32-4ADA-B627-A4C25B3BE037}.Release|x64.Build.0 = Release|x64
		{870B0FED-8D32-4ADA-B627-A4C25B3BE037}.Release|x64.Deploy.0 = Release|x64
		{870B0FED-8D32-4ADA-B627-A4C25B3BE037}.Release|x86.ActiveCfg = Release|x86
		{870B0FED-8D32-4ADA-B627-A4C25B3BE037}.Release|x86.Build.0 = Release|x86
		{870B0FED-8D32-4ADA-B627-A4C25B3BE037}.Release|x86.Deploy.0 = Release|x86
	EndGlobalSection
	GlobalSection(SolutionProperties) = preSolution
		HideSolutionNode = FALSE
	EndGlobalSection
EndGlobal
